// !$*UTF8*$!
{
	archiveVersion = 1;
	classes = {
	};
	objectVersion = 55;
	objects = {

/* Begin PBXBuildFile section */
		9CEAA69327A5531F00A694EB /* AppDelegate.swift in Sources */ = {isa = PBXBuildFile; fileRef = 9CEAA69227A5531F00A694EB /* AppDelegate.swift */; };
		9CEAA69527A5531F00A694EB /* SceneDelegate.swift in Sources */ = {isa = PBXBuildFile; fileRef = 9CEAA69427A5531F00A694EB /* SceneDelegate.swift */; };
		9CEAA69A27A5531F00A694EB /* Main.storyboard in Resources */ = {isa = PBXBuildFile; fileRef = 9CEAA69827A5531F00A694EB /* Main.storyboard */; };
		9CEAA69C27A5531F00A694EB /* Assets.xcassets in Resources */ = {isa = PBXBuildFile; fileRef = 9CEAA69B27A5531F00A694EB /* Assets.xcassets */; };
		9CEAA69F27A5531F00A694EB /* LaunchScreen.storyboard in Resources */ = {isa = PBXBuildFile; fileRef = 9CEAA69D27A5531F00A694EB /* LaunchScreen.storyboard */; };
		9CEAA6A927A5582800A694EB /* MainViewController.swift in Sources */ = {isa = PBXBuildFile; fileRef = 9CEAA6A827A5582800A694EB /* MainViewController.swift */; };
		9CEAA6AB27A5599000A694EB /* UserActionCell.swift in Sources */ = {isa = PBXBuildFile; fileRef = 9CEAA6AA27A5599000A694EB /* UserActionCell.swift */; };
		9CEAA6AD27A57BC800A694EB /* ImageViewController.swift in Sources */ = {isa = PBXBuildFile; fileRef = 9CEAA6AC27A57BC800A694EB /* ImageViewController.swift */; };
		9CEAA6AF27A58C8600A694EB /* Course.swift in Sources */ = {isa = PBXBuildFile; fileRef = 9CEAA6AE27A58C8600A694EB /* Course.swift */; };
		9CEAA6B127A6A83200A694EB /* CoursesViewController.swift in Sources */ = {isa = PBXBuildFile; fileRef = 9CEAA6B027A6A83200A694EB /* CoursesViewController.swift */; };
		9CEAA6B327A6AB6000A694EB /* CourseCell.swift in Sources */ = {isa = PBXBuildFile; fileRef = 9CEAA6B227A6AB6000A694EB /* CourseCell.swift */; };
/* End PBXBuildFile section */

/* Begin PBXFileReference section */
		9CEAA68F27A5531F00A694EB /* LessonWork2.10.app */ = {isa = PBXFileReference; explicitFileType = wrapper.application; includeInIndex = 0; path = LessonWork2.10.app; sourceTree = BUILT_PRODUCTS_DIR; };
		9CEAA69227A5531F00A694EB /* AppDelegate.swift */ = {isa = PBXFileReference; lastKnownFileType = sourcecode.swift; path = AppDelegate.swift; sourceTree = "<group>"; };
		9CEAA69427A5531F00A694EB /* SceneDelegate.swift */ = {isa = PBXFileReference; lastKnownFileType = sourcecode.swift; path = SceneDelegate.swift; sourceTree = "<group>"; };
		9CEAA69927A5531F00A694EB /* Base */ = {isa = PBXFileReference; lastKnownFileType = file.storyboard; name = Base; path = Base.lproj/Main.storyboard; sourceTree = "<group>"; };
		9CEAA69B27A5531F00A694EB /* Assets.xcassets */ = {isa = PBXFileReference; lastKnownFileType = folder.assetcatalog; path = Assets.xcassets; sourceTree = "<group>"; };
		9CEAA69E27A5531F00A694EB /* Base */ = {isa = PBXFileReference; lastKnownFileType = file.storyboard; name = Base; path = Base.lproj/LaunchScreen.storyboard; sourceTree = "<group>"; };
		9CEAA6A027A5531F00A694EB /* Info.plist */ = {isa = PBXFileReference; lastKnownFileType = text.plist.xml; path = Info.plist; sourceTree = "<group>"; };
		9CEAA6A827A5582800A694EB /* MainViewController.swift */ = {isa = PBXFileReference; lastKnownFileType = sourcecode.swift; path = MainViewController.swift; sourceTree = "<group>"; };
		9CEAA6AA27A5599000A694EB /* UserActionCell.swift */ = {isa = PBXFileReference; lastKnownFileType = sourcecode.swift; path = UserActionCell.swift; sourceTree = "<group>"; };
		9CEAA6AC27A57BC800A694EB /* ImageViewController.swift */ = {isa = PBXFileReference; lastKnownFileType = sourcecode.swift; path = ImageViewController.swift; sourceTree = "<group>"; };
		9CEAA6AE27A58C8600A694EB /* Course.swift */ = {isa = PBXFileReference; lastKnownFileType = sourcecode.swift; path = Course.swift; sourceTree = "<group>"; };
		9CEAA6B027A6A83200A694EB /* CoursesViewController.swift */ = {isa = PBXFileReference; lastKnownFileType = sourcecode.swift; path = CoursesViewController.swift; sourceTree = "<group>"; };
		9CEAA6B227A6AB6000A694EB /* CourseCell.swift */ = {isa = PBXFileReference; lastKnownFileType = sourcecode.swift; path = CourseCell.swift; sourceTree = "<group>"; };
/* End PBXFileReference section */

/* Begin PBXFrameworksBuildPhase section */
		9CEAA68C27A5531F00A694EB /* Frameworks */ = {
			isa = PBXFrameworksBuildPhase;
			buildActionMask = 2147483647;
			files = (
			);
			runOnlyForDeploymentPostprocessing = 0;
		};
/* End PBXFrameworksBuildPhase section */

/* Begin PBXGroup section */
		9CEAA68627A5531F00A694EB = {
			isa = PBXGroup;
			children = (
				9CEAA69127A5531F00A694EB /* LessonWork2.10 */,
				9CEAA69027A5531F00A694EB /* Products */,
			);
			sourceTree = "<group>";
		};
		9CEAA69027A5531F00A694EB /* Products */ = {
			isa = PBXGroup;
			children = (
				9CEAA68F27A5531F00A694EB /* LessonWork2.10.app */,
			);
			name = Products;
			sourceTree = "<group>";
		};
		9CEAA69127A5531F00A694EB /* LessonWork2.10 */ = {
			isa = PBXGroup;
			children = (
				9CEAA6B527A7087600A694EB /* Models */,
				9CEAA6B727A708E500A694EB /* ViewControllers */,
				9CEAA6B827A7090300A694EB /* Storyboards */,
				9CEAA6B427A7027800A694EB /* App */,
				9CEAA6B627A7089000A694EB /* Resource */,
			);
			path = LessonWork2.10;
			sourceTree = "<group>";
		};
		9CEAA6B427A7027800A694EB /* App */ = {
			isa = PBXGroup;
			children = (
				9CEAA69227A5531F00A694EB /* AppDelegate.swift */,
				9CEAA69427A5531F00A694EB /* SceneDelegate.swift */,
				9CEAA6A027A5531F00A694EB /* Info.plist */,
			);
			path = App;
			sourceTree = "<group>";
		};
		9CEAA6B527A7087600A694EB /* Models */ = {
			isa = PBXGroup;
			children = (
				9CEAA6B227A6AB6000A694EB /* CourseCell.swift */,
				9CEAA6AE27A58C8600A694EB /* Course.swift */,
				9CEAA6AA27A5599000A694EB /* UserActionCell.swift */,
			);
			path = Models;
			sourceTree = "<group>";
		};
		9CEAA6B627A7089000A694EB /* Resource */ = {
			isa = PBXGroup;
			children = (
				9CEAA69B27A5531F00A694EB /* Assets.xcassets */,
			);
			path = Resource;
			sourceTree = "<group>";
		};
		9CEAA6B727A708E500A694EB /* ViewControllers */ = {
			isa = PBXGroup;
			children = (
				9CEAA6A827A5582800A694EB /* MainViewController.swift */,
				9CEAA6B027A6A83200A694EB /* CoursesViewController.swift */,
				9CEAA6AC27A57BC800A694EB /* ImageViewController.swift */,
			);
			path = ViewControllers;
			sourceTree = "<group>";
		};
		9CEAA6B827A7090300A694EB /* Storyboards */ = {
			isa = PBXGroup;
			children = (
				9CEAA69827A5531F00A694EB /* Main.storyboard */,
				9CEAA69D27A5531F00A694EB /* LaunchScreen.storyboard */,
			);
			path = Storyboards;
			sourceTree = "<group>";
		};
/* End PBXGroup section */

/* Begin PBXNativeTarget section */
		9CEAA68E27A5531F00A694EB /* LessonWork2.10 */ = {
			isa = PBXNativeTarget;
			buildConfigurationList = 9CEAA6A327A5531F00A694EB /* Build configuration list for PBXNativeTarget "LessonWork2.10" */;
			buildPhases = (
				9CEAA68B27A5531F00A694EB /* Sources */,
				9CEAA68C27A5531F00A694EB /* Frameworks */,
				9CEAA68D27A5531F00A694EB /* Resources */,
			);
			buildRules = (
			);
			dependencies = (
			);
			name = LessonWork2.10;
			productName = HomeWorkLesson2.10;
			productReference = 9CEAA68F27A5531F00A694EB /* LessonWork2.10.app */;
			productType = "com.apple.product-type.application";
		};
/* End PBXNativeTarget section */

/* Begin PBXProject section */
		9CEAA68727A5531F00A694EB /* Project object */ = {
			isa = PBXProject;
			attributes = {
				BuildIndependentTargetsInParallel = 1;
				LastSwiftUpdateCheck = 1320;
				LastUpgradeCheck = 1320;
				TargetAttributes = {
					9CEAA68E27A5531F00A694EB = {
						CreatedOnToolsVersion = 13.2.1;
					};
				};
			};
			buildConfigurationList = 9CEAA68A27A5531F00A694EB /* Build configuration list for PBXProject "LessonWork2.10" */;
			compatibilityVersion = "Xcode 13.0";
			developmentRegion = en;
			hasScannedForEncodings = 0;
			knownRegions = (
				en,
				Base,
			);
			mainGroup = 9CEAA68627A5531F00A694EB;
			productRefGroup = 9CEAA69027A5531F00A694EB /* Products */;
			projectDirPath = "";
			projectRoot = "";
			targets = (
				9CEAA68E27A5531F00A694EB /* LessonWork2.10 */,
			);
		};
/* End PBXProject section */

/* Begin PBXResourcesBuildPhase section */
		9CEAA68D27A5531F00A694EB /* Resources */ = {
			isa = PBXResourcesBuildPhase;
			buildActionMask = 2147483647;
			files = (
				9CEAA69F27A5531F00A694EB /* LaunchScreen.storyboard in Resources */,
				9CEAA69C27A5531F00A694EB /* Assets.xcassets in Resources */,
				9CEAA69A27A5531F00A694EB /* Main.storyboard in Resources */,
			);
			runOnlyForDeploymentPostprocessing = 0;
		};
/* End PBXResourcesBuildPhase section */

/* Begin PBXSourcesBuildPhase section */
		9CEAA68B27A5531F00A694EB /* Sources */ = {
			isa = PBXSourcesBuildPhase;
			buildActionMask = 2147483647;
			files = (
				9CEAA6AF27A58C8600A694EB /* Course.swift in Sources */,
				9CEAA6B127A6A83200A694EB /* CoursesViewController.swift in Sources */,
				9CEAA6AB27A5599000A694EB /* UserActionCell.swift in Sources */,
				9CEAA6A927A5582800A694EB /* MainViewController.swift in Sources */,
				9CEAA6B327A6AB6000A694EB /* CourseCell.swift in Sources */,
				9CEAA6AD27A57BC800A694EB /* ImageViewController.swift in Sources */,
				9CEAA69327A5531F00A694EB /* AppDelegate.swift in Sources */,
				9CEAA69527A5531F00A694EB /* SceneDelegate.swift in Sources */,
			);
			runOnlyForDeploymentPostprocessing = 0;
		};
/* End PBXSourcesBuildPhase section */

/* Begin PBXVariantGroup section */
		9CEAA69827A5531F00A694EB /* Main.storyboard */ = {
			isa = PBXVariantGroup;
			children = (
				9CEAA69927A5531F00A694EB /* Base */,
			);
			name = Main.storyboard;
			sourceTree = "<group>";
		};
		9CEAA69D27A5531F00A694EB /* LaunchScreen.storyboard */ = {
			isa = PBXVariantGroup;
			children = (
				9CEAA69E27A5531F00A694EB /* Base */,
			);
			name = LaunchScreen.storyboard;
			sourceTree = "<group>";
		};
/* End PBXVariantGroup section */

/* Begin XCBuildConfiguration section */
		9CEAA6A127A5531F00A694EB /* Debug */ = {
			isa = XCBuildConfiguration;
			buildSettings = {
				ALWAYS_SEARCH_USER_PATHS = NO;
				CLANG_ANALYZER_NONNULL = YES;
				CLANG_ANALYZER_NUMBER_OBJECT_CONVERSION = YES_AGGRESSIVE;
				CLANG_CXX_LANGUAGE_STANDARD = "gnu++17";
				CLANG_CXX_LIBRARY = "libc++";
				CLANG_ENABLE_MODULES = YES;
				CLANG_ENABLE_OBJC_ARC = YES;
				CLANG_ENABLE_OBJC_WEAK = YES;
				CLANG_WARN_BLOCK_CAPTURE_AUTORELEASING = YES;
				CLANG_WARN_BOOL_CONVERSION = YES;
				CLANG_WARN_COMMA = YES;
				CLANG_WARN_CONSTANT_CONVERSION = YES;
				CLANG_WARN_DEPRECATED_OBJC_IMPLEMENTATIONS = YES;
				CLANG_WARN_DIRECT_OBJC_ISA_USAGE = YES_ERROR;
				CLANG_WARN_DOCUMENTATION_COMMENTS = YES;
				CLANG_WARN_EMPTY_BODY = YES;
				CLANG_WARN_ENUM_CONVERSION = YES;
				CLANG_WARN_INFINITE_RECURSION = YES;
				CLANG_WARN_INT_CONVERSION = YES;
				CLANG_WARN_NON_LITERAL_NULL_CONVERSION = YES;
				CLANG_WARN_OBJC_IMPLICIT_RETAIN_SELF = YES;
				CLANG_WARN_OBJC_LITERAL_CONVERSION = YES;
				CLANG_WARN_OBJC_ROOT_CLASS = YES_ERROR;
				CLANG_WARN_QUOTED_INCLUDE_IN_FRAMEWORK_HEADER = YES;
				CLANG_WARN_RANGE_LOOP_ANALYSIS = YES;
				CLANG_WARN_STRICT_PROTOTYPES = YES;
				CLANG_WARN_SUSPICIOUS_MOVE = YES;
				CLANG_WARN_UNGUARDED_AVAILABILITY = YES_AGGRESSIVE;
				CLANG_WARN_UNREACHABLE_CODE = YES;
				CLANG_WARN__DUPLICATE_METHOD_MATCH = YES;
				COPY_PHASE_STRIP = NO;
				DEBUG_INFORMATION_FORMAT = dwarf;
				ENABLE_STRICT_OBJC_MSGSEND = YES;
				ENABLE_TESTABILITY = YES;
				GCC_C_LANGUAGE_STANDARD = gnu11;
				GCC_DYNAMIC_NO_PIC = NO;
				GCC_NO_COMMON_BLOCKS = YES;
				GCC_OPTIMIZATION_LEVEL = 0;
				GCC_PREPROCESSOR_DEFINITIONS = (
					"DEBUG=1",
					"$(inherited)",
				);
				GCC_WARN_64_TO_32_BIT_CONVERSION = YES;
				GCC_WARN_ABOUT_RETURN_TYPE = YES_ERROR;
				GCC_WARN_UNDECLARED_SELECTOR = YES;
				GCC_WARN_UNINITIALIZED_AUTOS = YES_AGGRESSIVE;
				GCC_WARN_UNUSED_FUNCTION = YES;
				GCC_WARN_UNUSED_VARIABLE = YES;
				IPHONEOS_DEPLOYMENT_TARGET = 15.2;
				MTL_ENABLE_DEBUG_INFO = INCLUDE_SOURCE;
				MTL_FAST_MATH = YES;
				ONLY_ACTIVE_ARCH = YES;
				SDKROOT = iphoneos;
				SWIFT_ACTIVE_COMPILATION_CONDITIONS = DEBUG;
				SWIFT_OPTIMIZATION_LEVEL = "-Onone";
			};
			name = Debug;
		};
		9CEAA6A227A5531F00A694EB /* Release */ = {
			isa = XCBuildConfiguration;
			buildSettings = {
				ALWAYS_SEARCH_USER_PATHS = NO;
				CLANG_ANALYZER_NONNULL = YES;
				CLANG_ANALYZER_NUMBER_OBJECT_CONVERSION = YES_AGGRESSIVE;
				CLANG_CXX_LANGUAGE_STANDARD = "gnu++17";
				CLANG_CXX_LIBRARY = "libc++";
				CLANG_ENABLE_MODULES = YES;
				CLANG_ENABLE_OBJC_ARC = YES;
				CLANG_ENABLE_OBJC_WEAK = YES;
				CLANG_WARN_BLOCK_CAPTURE_AUTORELEASING = YES;
				CLANG_WARN_BOOL_CONVERSION = YES;
				CLANG_WARN_COMMA = YES;
				CLANG_WARN_CONSTANT_CONVERSION = YES;
				CLANG_WARN_DEPRECATED_OBJC_IMPLEMENTATIONS = YES;
				CLANG_WARN_DIRECT_OBJC_ISA_USAGE = YES_ERROR;
				CLANG_WARN_DOCUMENTATION_COMMENTS = YES;
				CLANG_WARN_EMPTY_BODY = YES;
				CLANG_WARN_ENUM_CONVERSION = YES;
				CLANG_WARN_INFINITE_RECURSION = YES;
				CLANG_WARN_INT_CONVERSION = YES;
				CLANG_WARN_NON_LITERAL_NULL_CONVERSION = YES;
				CLANG_WARN_OBJC_IMPLICIT_RETAIN_SELF = YES;
				CLANG_WARN_OBJC_LITERAL_CONVERSION = YES;
				CLANG_WARN_OBJC_ROOT_CLASS = YES_ERROR;
				CLANG_WARN_QUOTED_INCLUDE_IN_FRAMEWORK_HEADER = YES;
				CLANG_WARN_RANGE_LOOP_ANALYSIS = YES;
				CLANG_WARN_STRICT_PROTOTYPES = YES;
				CLANG_WARN_SUSPICIOUS_MOVE = YES;
				CLANG_WARN_UNGUARDED_AVAILABILITY = YES_AGGRESSIVE;
				CLANG_WARN_UNREACHABLE_CODE = YES;
				CLANG_WARN__DUPLICATE_METHOD_MATCH = YES;
				COPY_PHASE_STRIP = NO;
				DEBUG_INFORMATION_FORMAT = "dwarf-with-dsym";
				ENABLE_NS_ASSERTIONS = NO;
				ENABLE_STRICT_OBJC_MSGSEND = YES;
				GCC_C_LANGUAGE_STANDARD = gnu11;
				GCC_NO_COMMON_BLOCKS = YES;
				GCC_WARN_64_TO_32_BIT_CONVERSION = YES;
				GCC_WARN_ABOUT_RETURN_TYPE = YES_ERROR;
				GCC_WARN_UNDECLARED_SELECTOR = YES;
				GCC_WARN_UNINITIALIZED_AUTOS = YES_AGGRESSIVE;
				GCC_WARN_UNUSED_FUNCTION = YES;
				GCC_WARN_UNUSED_VARIABLE = YES;
				IPHONEOS_DEPLOYMENT_TARGET = 15.2;
				MTL_ENABLE_DEBUG_INFO = NO;
				MTL_FAST_MATH = YES;
				SDKROOT = iphoneos;
				SWIFT_COMPILATION_MODE = wholemodule;
				SWIFT_OPTIMIZATION_LEVEL = "-O";
				VALIDATE_PRODUCT = YES;
			};
			name = Release;
		};
		9CEAA6A427A5531F00A694EB /* Debug */ = {
			isa = XCBuildConfiguration;
			buildSettings = {
				ASSETCATALOG_COMPILER_APPICON_NAME = AppIcon;
				ASSETCATALOG_COMPILER_GLOBAL_ACCENT_COLOR_NAME = AccentColor;
				CODE_SIGN_STYLE = Automatic;
				CURRENT_PROJECT_VERSION = 1;
				DEVELOPMENT_TEAM = Q5RV2AMVQ8;
				GENERATE_INFOPLIST_FILE = YES;
				INFOPLIST_FILE = LessonWork2.10/App/Info.plist;
				INFOPLIST_KEY_UIApplicationSupportsIndirectInputEvents = YES;
				INFOPLIST_KEY_UILaunchStoryboardName = LaunchScreen;
				INFOPLIST_KEY_UIMainStoryboardFile = Main;
				INFOPLIST_KEY_UISupportedInterfaceOrientations_iPad = "UIInterfaceOrientationPortrait UIInterfaceOrientationPortraitUpsideDown UIInterfaceOrientationLandscapeLeft UIInterfaceOrientationLandscapeRight";
				INFOPLIST_KEY_UISupportedInterfaceOrientations_iPhone = "UIInterfaceOrientationPortrait UIInterfaceOrientationLandscapeLeft UIInterfaceOrientationLandscapeRight";
				LD_RUNPATH_SEARCH_PATHS = (
					"$(inherited)",
					"@executable_path/Frameworks",
				);
				MARKETING_VERSION = 1.0;
				PRODUCT_BUNDLE_IDENTIFIER = "LessonWork2-10";
				PRODUCT_NAME = "$(TARGET_NAME)";
				SWIFT_EMIT_LOC_STRINGS = YES;
				SWIFT_VERSION = 5.0;
				TARGETED_DEVICE_FAMILY = "1,2";
			};
			name = Debug;
		};
		9CEAA6A527A5531F00A694EB /* Release */ = {
			isa = XCBuildConfiguration;
			buildSettings = {
				ASSETCATALOG_COMPILER_APPICON_NAME = AppIcon;
				ASSETCATALOG_COMPILER_GLOBAL_ACCENT_COLOR_NAME = AccentColor;
				CODE_SIGN_STYLE = Automatic;
				CURRENT_PROJECT_VERSION = 1;
				DEVELOPMENT_TEAM = Q5RV2AMVQ8;
				GENERATE_INFOPLIST_FILE = YES;
				INFOPLIST_FILE = LessonWork2.10/App/Info.plist;
				INFOPLIST_KEY_UIApplicationSupportsIndirectInputEvents = YES;
				INFOPLIST_KEY_UILaunchStoryboardName = LaunchScreen;
				INFOPLIST_KEY_UIMainStoryboardFile = Main;
				INFOPLIST_KEY_UISupportedInterfaceOrientations_iPad = "UIInterfaceOrientationPortrait UIInterfaceOrientationPortraitUpsideDown UIInterfaceOrientationLandscapeLeft UIInterfaceOrientationLandscapeRight";
				INFOPLIST_KEY_UISupportedInterfaceOrientations_iPhone = "UIInterfaceOrientationPortrait UIInterfaceOrientationLandscapeLeft UIInterfaceOrientationLandscapeRight";
				LD_RUNPATH_SEARCH_PATHS = (
					"$(inherited)",
					"@executable_path/Frameworks",
				);
				MARKETING_VERSION = 1.0;
				PRODUCT_BUNDLE_IDENTIFIER = "LessonWork2-10";
				PRODUCT_NAME = "$(TARGET_NAME)";
				SWIFT_EMIT_LOC_STRINGS = YES;
				SWIFT_VERSION = 5.0;
				TARGETED_DEVICE_FAMILY = "1,2";
			};
			name = Release;
		};
/* End XCBuildConfiguration section */

/* Begin XCConfigurationList section */
		9CEAA68A27A5531F00A694EB /* Build configuration list for PBXProject "LessonWork2.10" */ = {
			isa = XCConfigurationList;
			buildConfigurations = (
				9CEAA6A127A5531F00A694EB /* Debug */,
				9CEAA6A227A5531F00A694EB /* Release */,
			);
			defaultConfigurationIsVisible = 0;
			defaultConfigurationName = Release;
		};
		9CEAA6A327A5531F00A694EB /* Build configuration list for PBXNativeTarget "LessonWork2.10" */ = {
			isa = XCConfigurationList;
			buildConfigurations = (
				9CEAA6A427A5531F00A694EB /* Debug */,
				9CEAA6A527A5531F00A694EB /* Release */,
			);
			defaultConfigurationIsVisible = 0;
			defaultConfigurationName = Release;
		};
/* End XCConfigurationList section */
	};
	rootObject = 9CEAA68727A5531F00A694EB /* Project object */;
}
